// !$*UTF8*$!
{
	archiveVersion = 1;
	classes = {
	};
	objectVersion = 46;
	objects = {

/* Begin PBXBuildFile section */
		6311BE231E84F0C500F129D2 /* main.m in Sources */ = {isa = PBXBuildFile; fileRef = 6311BE221E84F0C500F129D2 /* main.m */; };
		6311BE261E84F0C500F129D2 /* AppDelegate.m in Sources */ = {isa = PBXBuildFile; fileRef = 6311BE251E84F0C500F129D2 /* AppDelegate.m */; };
		6311BE291E84F0C500F129D2 /* ViewController.m in Sources */ = {isa = PBXBuildFile; fileRef = 6311BE281E84F0C500F129D2 /* ViewController.m */; };
		6311BE2C1E84F0C500F129D2 /* Main.storyboard in Resources */ = {isa = PBXBuildFile; fileRef = 6311BE2A1E84F0C500F129D2 /* Main.storyboard */; };
		6311BE2E1E84F0C600F129D2 /* Assets.xcassets in Resources */ = {isa = PBXBuildFile; fileRef = 6311BE2D1E84F0C600F129D2 /* Assets.xcassets */; };
		6311BE311E84F0C600F129D2 /* LaunchScreen.storyboard in Resources */ = {isa = PBXBuildFile; fileRef = 6311BE2F1E84F0C600F129D2 /* LaunchScreen.storyboard */; };
/* End PBXBuildFile section */

/* Begin PBXFileReference section */
		6311BE1E1E84F0C500F129D2 /* Day21_NsUserDefault.app */ = {isa = PBXFileReference; explicitFileType = wrapper.application; includeInIndex = 0; path = Day21_NsUserDefault.app; sourceTree = BUILT_PRODUCTS_DIR; };
		6311BE221E84F0C500F129D2 /* main.m */ = {isa = PBXFileReference; lastKnownFileType = sourcecode.c.objc; path = main.m; sourceTree = "<group>"; };
		6311BE241E84F0C500F129D2 /* AppDelegate.h */ = {isa = PBXFileReference; lastKnownFileType = sourcecode.c.h; path = AppDelegate.h; sourceTree = "<group>"; };
		6311BE251E84F0C500F129D2 /* AppDelegate.m */ = {isa = PBXFileReference; lastKnownFileType = sourcecode.c.objc; path = AppDelegate.m; sourceTree = "<group>"; };
		6311BE271E84F0C500F129D2 /* ViewController.h */ = {isa = PBXFileReference; lastKnownFileType = sourcecode.c.h; path = ViewController.h; sourceTree = "<group>"; };
		6311BE281E84F0C500F129D2 /* ViewController.m */ = {isa = PBXFileReference; lastKnownFileType = sourcecode.c.objc; path = ViewController.m; sourceTree = "<group>"; };
		6311BE2B1E84F0C500F129D2 /* Base */ = {isa = PBXFileReference; lastKnownFileType = file.storyboard; name = Base; path = Base.lproj/Main.storyboard; sourceTree = "<group>"; };
		6311BE2D1E84F0C600F129D2 /* Assets.xcassets */ = {isa = PBXFileReference; lastKnownFileType = folder.assetcatalog; path = Assets.xcassets; sourceTree = "<group>"; };
		6311BE301E84F0C600F129D2 /* Base */ = {isa = PBXFileReference; lastKnownFileType = file.storyboard; name = Base; path = Base.lproj/LaunchScreen.storyboard; sourceTree = "<group>"; };
		6311BE321E84F0C600F129D2 /* Info.plist */ = {isa = PBXFileReference; lastKnownFileType = text.plist.xml; path = Info.plist; sourceTree = "<group>"; };
/* End PBXFileReference section */

/* Begin PBXFrameworksBuildPhase section */
		6311BE1B1E84F0C500F129D2 /* Frameworks */ = {
			isa = PBXFrameworksBuildPhase;
			buildActionMask = 2147483647;
			files = (
			);
			runOnlyForDeploymentPostprocessing = 0;
		};
/* End PBXFrameworksBuildPhase section */

/* Begin PBXGroup section */
		6311BE151E84F0C400F129D2 = {
			isa = PBXGroup;
			children = (
				6311BE201E84F0C500F129D2 /* Day21_NsUserDefault */,
				6311BE1F1E84F0C500F129D2 /* Products */,
			);
			sourceTree = "<group>";
		};
		6311BE1F1E84F0C500F129D2 /* Products */ = {
			isa = PBXGroup;
			children = (
				6311BE1E1E84F0C500F129D2 /* Day21_NsUserDefault.app */,
			);
			name = Products;
			sourceTree = "<group>";
		};
		6311BE201E84F0C500F129D2 /* Day21_NsUserDefault */ = {
			isa = PBXGroup;
			children = (
				6311BE241E84F0C500F129D2 /* AppDelegate.h */,
				6311BE251E84F0C500F129D2 /* AppDelegate.m */,
				6311BE271E84F0C500F129D2 /* ViewController.h */,
				6311BE281E84F0C500F129D2 /* ViewController.m */,
				6311BE2A1E84F0C500F129D2 /* Main.storyboard */,
				6311BE2D1E84F0C600F129D2 /* Assets.xcassets */,
				6311BE2F1E84F0C600F129D2 /* LaunchScreen.storyboard */,
				6311BE321E84F0C600F129D2 /* Info.plist */,
				6311BE211E84F0C500F129D2 /* Supporting Files */,
			);
			path = Day21_NsUserDefault;
			sourceTree = "<group>";
		};
		6311BE211E84F0C500F129D2 /* Supporting Files */ = {
			isa = PBXGroup;
			children = (
				6311BE221E84F0C500F129D2 /* main.m */,
			);
			name = "Supporting Files";
			sourceTree = "<group>";
		};
/* End PBXGroup section */

/* Begin PBXNativeTarget section */
		6311BE1D1E84F0C500F129D2 /* Day21_NsUserDefault */ = {
			isa = PBXNativeTarget;
			buildConfigurationList = 6311BE351E84F0C600F129D2 /* Build configuration list for PBXNativeTarget "Day21_NsUserDefault" */;
			buildPhases = (
				6311BE1A1E84F0C500F129D2 /* Sources */,
				6311BE1B1E84F0C500F129D2 /* Frameworks */,
				6311BE1C1E84F0C500F129D2 /* Resources */,
			);
			buildRules = (
			);
			dependencies = (
			);
			name = Day21_NsUserDefault;
			productName = Day21_NsUserDefault;
			productReference = 6311BE1E1E84F0C500F129D2 /* Day21_NsUserDefault.app */;
			productType = "com.apple.product-type.application";
		};
/* End PBXNativeTarget section */

/* Begin PBXProject section */
		6311BE161E84F0C400F129D2 /* Project object */ = {
			isa = PBXProject;
			attributes = {
				LastUpgradeCheck = 0820;
				ORGANIZATIONNAME = Felix;
				TargetAttributes = {
					6311BE1D1E84F0C500F129D2 = {
						CreatedOnToolsVersion = 8.2;
						ProvisioningStyle = Automatic;
					};
				};
			};
			buildConfigurationList = 6311BE191E84F0C500F129D2 /* Build configuration list for PBXProject "Day21_NsUserDefault" */;
			compatibilityVersion = "Xcode 3.2";
			developmentRegion = English;
			hasScannedForEncodings = 0;
			knownRegions = (
				en,
				Base,
			);
			mainGroup = 6311BE151E84F0C400F129D2;
			productRefGroup = 6311BE1F1E84F0C500F129D2 /* Products */;
			projectDirPath = "";
			projectRoot = "";
			targets = (
				6311BE1D1E84F0C500F129D2 /* Day21_NsUserDefault */,
			);
		};
/* End PBXProject section */

/* Begin PBXResourcesBuildPhase section */
		6311BE1C1E84F0C500F129D2 /* Resources */ = {
			isa = PBXResourcesBuildPhase;
			buildActionMask = 2147483647;
			files = (
				6311BE311E84F0C600F129D2 /* LaunchScreen.storyboard in Resources */,
				6311BE2E1E84F0C600F129D2 /* Assets.xcassets in Resources */,
				6311BE2C1E84F0C500F129D2 /* Main.storyboard in Resources */,
			);
			runOnlyForDeploymentPostprocessing = 0;
		};
/* End PBXResourcesBuildPhase section */

/* Begin PBXSourcesBuildPhase section */
		6311BE1A1E84F0C500F129D2 /* Sources */ = {
			isa = PBXSourcesBuildPhase;
			buildActionMask = 2147483647;
			files = (
				6311BE291E84F0C500F129D2 /* ViewController.m in Sources */,
				6311BE261E84F0C500F129D2 /* AppDelegate.m in Sources */,
				6311BE231E84F0C500F129D2 /* main.m in Sources */,
			);
			runOnlyForDeploymentPostprocessing = 0;
		};
/* End PBXSourcesBuildPhase section */

/* Begin PBXVariantGroup section */
		6311BE2A1E84F0C500F129D2 /* Main.storyboard */ = {
			isa = PBXVariantGroup;
			children = (
				6311BE2B1E84F0C500F129D2 /* Base */,
			);
			name = Main.storyboard;
			sourceTree = "<group>";
		};
		6311BE2F1E84F0C600F129D2 /* LaunchScreen.storyboard */ = {
			isa = PBXVariantGroup;
			children = (
				6311BE301E84F0C600F129D2 /* Base */,
			);
			name = LaunchScreen.storyboard;
			sourceTree = "<group>";
		};
/* End PBXVariantGroup section */

/* Begin XCBuildConfiguration section */
		6311BE331E84F0C600F129D2 /* Debug */ = {
			isa = XCBuildConfiguration;
			buildSettings = {
				ALWAYS_SEARCH_USER_PATHS = NO;
				CLANG_ANALYZER_NONNULL = YES;
				CLANG_CXX_LANGUAGE_STANDARD = "gnu++0x";
				CLANG_CXX_LIBRARY = "libc++";
				CLANG_ENABLE_MODULES = YES;
				CLANG_ENABLE_OBJC_ARC = YES;
				CLANG_WARN_BOOL_CONVERSION = YES;
				CLANG_WARN_CONSTANT_CONVERSION = YES;
				CLANG_WARN_DIRECT_OBJC_ISA_USAGE = YES_ERROR;
				CLANG_WARN_DOCUMENTATION_COMMENTS = YES;
				CLANG_WARN_EMPTY_BODY = YES;
				CLANG_WARN_ENUM_CONVERSION = YES;
				CLANG_WARN_INFINITE_RECURSION = YES;
				CLANG_WARN_INT_CONVERSION = YES;
				CLANG_WARN_OBJC_ROOT_CLASS = YES_ERROR;
				CLANG_WARN_SUSPICIOUS_MOVE = YES;
				CLANG_WARN_UNREACHABLE_CODE = YES;
				CLANG_WARN__DUPLICATE_METHOD_MATCH = YES;
				"CODE_SIGN_IDENTITY[sdk=iphoneos*]" = "iPhone Developer";
				COPY_PHASE_STRIP = NO;
				DEBUG_INFORMATION_FORMAT = dwarf;
				ENABLE_STRICT_OBJC_MSGSEND = YES;
				ENABLE_TESTABILITY = YES;
				GCC_C_LANGUAGE_STANDARD = gnu99;
				GCC_DYNAMIC_NO_PIC = NO;
				GCC_NO_COMMON_BLOCKS = YES;
				GCC_OPTIMIZATION_LEVEL = 0;
				GCC_PREPROCESSOR_DEFINITIONS = (
					"DEBUG=1",
					"$(inherited)",
				);
				GCC_WARN_64_TO_32_BIT_CONVERSION = YES;
				GCC_WARN_ABOUT_RETURN_TYPE = YES_ERROR;
				GCC_WARN_UNDECLARED_SELECTOR = YES;
				GCC_WARN_UNINITIALIZED_AUTOS = YES_AGGRESSIVE;
				GCC_WARN_UNUSED_FUNCTION = YES;
				GCC_WARN_UNUSED_VARIABLE = YES;
				IPHONEOS_DEPLOYMENT_TARGET = 10.2;
				MTL_ENABLE_DEBUG_INFO = YES;
				ONLY_ACTIVE_ARCH = YES;
				SDKROOT = iphoneos;
				TARGETED_DEVICE_FAMILY = "1,2";
			};
			name = Debug;
		};
		6311BE341E84F0C600F129D2 /* Release */ = {
			isa = XCBuildConfiguration;
			buildSettings = {
				ALWAYS_SEARCH_USER_PATHS = NO;
				CLANG_ANALYZER_NONNULL = YES;
				CLANG_CXX_LANGUAGE_STANDARD = "gnu++0x";
				CLANG_CXX_LIBRARY = "libc++";
				CLANG_ENABLE_MODULES = YES;
				CLANG_ENABLE_OBJC_ARC = YES;
				CLANG_WARN_BOOL_CONVERSION = YES;
				CLANG_WARN_CONSTANT_CONVERSION = YES;
				CLANG_WARN_DIRECT_OBJC_ISA_USAGE = YES_ERROR;
				CLANG_WARN_DOCUMENTATION_COMMENTS = YES;
				CLANG_WARN_EMPTY_BODY = YES;
				CLANG_WARN_ENUM_CONVERSION = YES;
				CLANG_WARN_INFINITE_RECURSION = YES;
				CLANG_WARN_INT_CONVERSION = YES;
				CLANG_WARN_OBJC_ROOT_CLASS = YES_ERROR;
				CLANG_WARN_SUSPICIOUS_MOVE = YES;
				CLANG_WARN_UNREACHABLE_CODE = YES;
				CLANG_WARN__DUPLICATE_METHOD_MATCH = YES;
				"CODE_SIGN_IDENTITY[sdk=iphoneos*]" = "iPhone Developer";
				COPY_PHASE_STRIP = NO;
				DEBUG_INFORMATION_FORMAT = "dwarf-with-dsym";
				ENABLE_NS_ASSERTIONS = NO;
				ENABLE_STRICT_OBJC_MSGSEND = YES;
				GCC_C_LANGUAGE_STANDARD = gnu99;
				GCC_NO_COMMON_BLOCKS = YES;
				GCC_WARN_64_TO_32_BIT_CONVERSION = YES;
				GCC_WARN_ABOUT_RETURN_TYPE = YES_ERROR;
				GCC_WARN_UNDECLARED_SELECTOR = YES;
				GCC_WARN_UNINITIALIZED_AUTOS = YES_AGGRESSIVE;
				GCC_WARN_UNUSED_FUNCTION = YES;
				GCC_WARN_UNUSED_VARIABLE = YES;
				IPHONEOS_DEPLOYMENT_TARGET = 10.2;
				MTL_ENABLE_DEBUG_INFO = NO;
				SDKROOT = iphoneos;
				TARGETED_DEVICE_FAMILY = "1,2";
				VALIDATE_PRODUCT = YES;
			};
			name = Release;
		};
		6311BE361E84F0C600F129D2 /* Debug */ = {
			isa = XCBuildConfiguration;
			buildSettings = {
				ASSETCATALOG_COMPILER_APPICON_NAME = AppIcon;
				INFOPLIST_FILE = Day21_NsUserDefault/Info.plist;
				LD_RUNPATH_SEARCH_PATHS = "$(inherited) @executable_path/Frameworks";
				PRODUCT_BUNDLE_IDENTIFIER = "com.felix.Day21-NsUserDefault";
				PRODUCT_NAME = "$(TARGET_NAME)";
			};
			name = Debug;
		};
		6311BE371E84F0C600F129D2 /* Release */ = {
			isa = XCBuildConfiguration;
			buildSettings = {
				ASSETCATALOG_COMPILER_APPICON_NAME = AppIcon;
				INFOPLIST_FILE = Day21_NsUserDefault/Info.plist;
				LD_RUNPATH_SEARCH_PATHS = "$(inherited) @executable_path/Frameworks";
				PRODUCT_BUNDLE_IDENTIFIER = "com.felix.Day21-NsUserDefault";
				PRODUCT_NAME = "$(TARGET_NAME)";
			};
			name = Release;
		};
/* End XCBuildConfiguration section */

/* Begin XCConfigurationList section */
		6311BE191E84F0C500F129D2 /* Build configuration list for PBXProject "Day21_NsUserDefault" */ = {
			isa = XCConfigurationList;
			buildConfigurations = (
				6311BE331E84F0C600F129D2 /* Debug */,
				6311BE341E84F0C600F129D2 /* Release */,
			);
			defaultConfigurationIsVisible = 0;
			defaultConfigurationName = Release;
		};
		6311BE351E84F0C600F129D2 /* Build configuration list for PBXNativeTarget "Day21_NsUserDefault" */ = {
			isa = XCConfigurationList;
			buildConfigurations = (
				6311BE361E84F0C600F129D2 /* Debug */,
				6311BE371E84F0C600F129D2 /* Release */,
			);
			defaultConfigurationIsVisible = 0;
		};
/* End XCConfigurationList section */
	};
	rootObject = 6311BE161E84F0C400F129D2 /* Project object */;
}
